
Microsoft Visual Studio Solution File, Format Version 12.00
# Visual Studio Version 17
VisualStudioVersion = 17.4.33205.214
MinimumVisualStudioVersion = 10.0.40219.1
Project("{FAE04EC0-301F-11D3-BF4B-00C04F79EFBC}") = "WpfAppGuesstheNumber", "WpfAppGuesstheNumber\WpfAppGuesstheNumber.csproj", "{9F31ED5B-C7F8-46B7-A9BB-91AB414CB904}"
EndProject
Global
	GlobalSection(SolutionConfigurationPlatforms) = preSolution
		Debug|Any CPU = Debug|Any CPU
		Release|Any CPU = Release|Any CPU
	EndGlobalSection
	GlobalSection(ProjectConfigurationPlatforms) = postSolution
		{9F31ED5B-C7F8-46B7-A9BB-91AB414CB904}.Debug|Any CPU.ActiveCfg = Debug|Any CPU
		{9F31ED5B-C7F8-46B7-A9BB-91AB414CB904}.Debug|Any CPU.Build.0 = Debug|Any CPU
		{9F31ED5B-C7F8-46B7-A9BB-91AB414CB904}.Release|Any CPU.ActiveCfg = Release|Any CPU
		{9F31ED5B-C7F8-46B7-A9BB-91AB414CB904}.Release|Any CPU.Build.0 = Release|Any CPU
	EndGlobalSection
	GlobalSection(SolutionProperties) = preSolution
		HideSolutionNode = FALSE
	EndGlobalSection
	GlobalSection(ExtensibilityGlobals) = postSolution
		SolutionGuid = {0C602B6E-4572-4DAC-90B3-FA4242784B7F}
	EndGlobalSection
EndGlobal
